version = 1
revision = 3
requires-python = "==3.12.*"

[[package]]
name = "av"
version = "18.0.0"
source = { registry = "https://pypi.org/simple" }
sdist = { url = "https://files.pythonhosted.org/packages/ae/a4/570a5a35c8638aba01e739925846c35fdd6b0756a15526766d0a4dd3b7df/av-18.0.0.tar.gz", hash = "sha256:4ef7e72c3d3a872584a1215173b16e0226811037f40dcdbf75992631098df1ba", size = 4340222, upload-time = "2026-07-02T06:37:58.907Z" }
wheels = [
    { url = "https://files.pythonhosted.org/packages/18/4a/9e3463df030e063d757fa12f0f39be6541b45b06b5bad48c2ce361b924bf/av-18.0.0-cp311-abi3-macosx_11_0_x86_64.whl", hash = "sha256:149289d40e732a6e49c9530bc245b49d9964cfd1c8c9e06778703b7d5bba6b25", size = 22499354, upload-time = "2026-07-02T06:36:58.751Z" },
    { url = "https://files.pythonhosted.org/packages/77/b3/2576a44b4f39c7462ced4c17fec04c756f7b0f3c5cb940d124173e417d6a/av-18.0.0-cp311-abi3-macosx_14_0_arm64.whl", hash = "sha256:35274c20d2ad3b4774fe632bcef2e34af79858ddf899352339cc3babbc13a484", size = 18175248, upload-time = "2026-07-02T06:37:01.741Z" },
    { url = "https://files.pythonhosted.org/packages/84/74/6732f17b96dc23fd23b876b2805435855abdc8a3b397142be4e581165de8/av-18.0.0-cp311-abi3-manylinux_2_28_aarch64.whl", hash = "sha256:4d683b7747a0ba9222b8a5f81e41db5f796e7f64473454ec4fe2548e083c2fa0", size = 33387843, upload-time = "2026-07-02T06:37:05.097Z" },
    { url = "https://files.pythonhosted.org/packages/6d/b9/7708c43fed7ae28b4a1bad060b4221e3334cd827cec24f7165902a6ac1f4/av-18.0.0-cp311-abi3-manylinux_2_28_x86_64.whl", hash = "sha256:ae56b40b6f8b067a8ad2dac664fbfbabac7f7a55b9a7bb031eb99289252bc017", size = 35536910, upload-time = "2026-07-02T06:37:08.806Z" },
    { url = "https://files.pythonhosted.org/packages/5a/94/eba99691d184f6a395a242d54dc370e2fd2265e95bbc98e2963a0fdbdd6c/av-18.0.0-cp311-abi3-manylinux_2_31_armv7l.whl", hash = "sha256:ea2e8ebbce521f21b55df9400e00d721623c9020ef158f5a188a96130be0743f", size = 38984619, upload-time = "2026-07-02T06:37:11.861Z" },
    { url = "https://files.pythonhosted.org/packages/c9/cf/0d7aee07fe16aa9ffdf96043c14bed5485a52c0dea4259de87aa306ecab4/av-18.0.0-cp311-abi3-musllinux_1_2_aarch64.whl", hash = "sha256:ef96dabb3e50dac249913145dff5424b302b257fd95dcb64be3c7b7a8aef16d1", size = 34451176, upload-time = "2026-07-02T06:37:15.154Z" },
    { url = "https://files.pythonhosted.org/packages/76/92/810da80b12680d4c4fe235bd1b4003289be9213ac7f114b77b8ecf0e3b3e/av-18.0.0-cp311-abi3-musllinux_1_2_x86_64.whl", hash = "sha256:0f65518a184613e41536f29e8758c8e3d8293e46bf5bef108f04f925bbfa3f44", size = 36619869, upload-time = "2026-07-02T06:37:18.495Z" },
    { url = "https://files.pythonhosted.org/packages/11/85/0f121ff43dc5a70696676c98a8f1674e2fa787614c2abaacb15fa1a9bc99/av-18.0.0-cp311-abi3-win_amd64.whl", hash = "sha256:aaf4d354d2beaa6651e4f92e54409a578bde64f79c0beef9a30b388d06f7c629", size = 27556236, upload-time = "2026-07-02T06:37:21.388Z" },
    { url = "https://files.pythonhosted.org/packages/8b/f6/2509754d4d2356abc6fc0ea3d57c12ade29bac23a1fb7fc215a53ca518fb/av-18.0.0-cp311-abi3-win_arm64.whl", hash = "sha256:adac2b3833b6cb9bd6cb52664a522b94db453615b3675b1dbb26e13fe1c80da6", size = 20221133, upload-time = "2026-07-02T06:37:23.88Z" },
]

[[package]]
name = "cffi"
version = "2.1.0"
source = { registry = "https://pypi.org/simple" }
dependencies = [
    { name = "pycparser", marker = "implementation_name != 'PyPy'" },
]
sdist = { url = "https://files.pythonhosted.org/packages/57/5f/ff100cae70ebe9d8df1c01a00e510e45d9adb5c1fdda84791b199141de97/cffi-2.1.0.tar.gz", hash = "sha256:efc1cdd798b1aaf39b4610bba7aad28c9bea9b910f25c784ccf9ec1fa719d1f9", size = 531036, upload-time = "2026-07-06T21:34:30.382Z" }
wheels = [
    { url = "https://files.pythonhosted.org/packages/1e/85/990925db5df586ec90beb97529c853497e7f85ba0234830447faf41c3057/cffi-2.1.0-cp312-cp312-macosx_10_15_x86_64.whl", hash = "sha256:df2b82571a1b30f58a87bf4e5a9e78d2b1eff6c6ce8fd3aa3757221f93f0863f", size = 184829, upload-time = "2026-07-06T21:32:44.324Z" },
    { url = "https://files.pythonhosted.org/packages/4b/92/e7bb136ad6b5352603732cf907ef862ca103f20f2031c1735a46300c20c9/cffi-2.1.0-cp312-cp312-macosx_11_0_arm64.whl", hash = "sha256:78474632761faa0fb96f30b1c928c84ebcf68713cbb80d15bab09dfe61640fde", size = 184728, upload-time = "2026-07-06T21:32:45.683Z" },
    { url = "https://files.pythonhosted.org/packages/c3/c0/d1ec30ffb370f748f2fb54425972bfef9871e0132e82fb589c46b6676049/cffi-2.1.0-cp312-cp312-manylinux1_i686.manylinux2014_i686.manylinux_2_17_i686.manylinux_2_5_i686.whl", hash = "sha256:5972433ad71a9e46516584ef60a0fda12d9dc459938d1539c3ddecf9bdc1368d", size = 214815, upload-time = "2026-07-06T21:32:48.557Z" },
    { url = "https://files.pythonhosted.org/packages/1b/dc/5620cf930688be01f2d673804291de757a934c90b946dbdc3d84130c2ea4/cffi-2.1.0-cp312-cp312-manylinux2014_aarch64.manylinux_2_17_aarch64.whl", hash = "sha256:b6422532152adf4e59b110cb2808cee7a033800952f5c036b4af047ee43199e7", size = 222429, upload-time = "2026-07-06T21:32:49.848Z" },
    { url = "https://files.pythonhosted.org/packages/4b/a4/77b53abbf7a1e0beb9637edbef2a94d15f9c822f591e85d439ffd91519a6/cffi-2.1.0-cp312-cp312-manylinux2014_ppc64le.manylinux_2_17_ppc64le.whl", hash = "sha256:46b1c8db8f6122420f32d02fffb924c2fe9bc772d228c7c711748fff56aabb2b", size = 210315, upload-time = "2026-07-06T21:32:51.221Z" },
    { url = "https://files.pythonhosted.org/packages/58/0c/f528df19cc94b675087324d4760d9e6d5bfae97d6217aa4fac43de4f5fcc/cffi-2.1.0-cp312-cp312-manylinux2014_s390x.manylinux_2_17_s390x.whl", hash = "sha256:d9fafc5aa2e2a39aaf7f8cc0c1f044a9b07fca12e558dca53a3cc5c654ad67a7", size = 208859, upload-time = "2026-07-06T21:32:52.512Z" },
    { url = "https://files.pythonhosted.org/packages/62/f2/c9522a81c32132799a1972c39f5c5f8b4c8b9f00488a23feaa6c06f07741/cffi-2.1.0-cp312-cp312-manylinux2014_x86_64.manylinux_2_17_x86_64.whl", hash = "sha256:1e9f50d192a3e525b15a75ab5114e442d83d657b7ec29182a991bc9a88fd3a66", size = 221844, upload-time = "2026-07-06T21:32:53.704Z" },
    { url = "https://files.pythonhosted.org/packages/6e/28/bd53988b9833e8f8ad539d26f4c07a6b3f6bcb1e9e02e7ca038250b3428d/cffi-2.1.0-cp312-cp312-musllinux_1_2_aarch64.whl", hash = "sha256:98fff996e983a36d3aa2eca83af40c5821202e7e6f32d13ae94e3d2286f10cfe", size = 225287, upload-time = "2026-07-06T21:32:54.907Z" },
    { url = "https://files.pythonhosted.org/packages/79/99/0d0fd37f055224085f42bbb2c022d002e17dde4a97972822327b07d84101/cffi-2.1.0-cp312-cp312-musllinux_1_2_x86_64.whl", hash = "sha256:379de10ce1ba048b1448599d1b37b24caee16309d1ac98d3982fc997f768700b", size = 223681, upload-time = "2026-07-06T21:32:56.329Z" },
    { url = "https://files.pythonhosted.org/packages/b0/80/c138990aa2a70b1a269f6e06348729836d733d6f970867943f61d367f8cc/cffi-2.1.0-cp312-cp312-win32.whl", hash = "sha256:9b8f0f26ca4e7513c534d351eca551947d053fac438f2a04ac96d882909b0d3a", size = 175269, upload-time = "2026-07-06T21:32:57.777Z" },
    { url = "https://files.pythonhosted.org/packages/a8/eb/f636456ff21a83fc13c032b58cc5dde061691546ac79efa284b2989b7982/cffi-2.1.0-cp312-cp312-win_amd64.whl", hash = "sha256:c97f080ea627e2863524c5af3836e2270b5f5dfff1f104392b959f8df0c5d384", size = 185881, upload-time = "2026-07-06T21:32:59.253Z" },
    { url = "https://files.pythonhosted.org/packages/dd/2c/400ea43e721727dca8a65c4521390e9196757caba4a45643acb2b63271b8/cffi-2.1.0-cp312-cp312-win_arm64.whl", hash = "sha256:6d194185eabd279f1c05ebe3504265ddfc5ad2b58d0714f7db9f01da592e9eb6", size = 180088, upload-time = "2026-07-06T21:33:02.278Z" },
]

[[package]]
name = "colorama"
version = "0.4.6"
source = { registry = "https://pypi.org/simple" }
sdist = { url = "https://files.pythonhosted.org/packages/d8/53/6f443c9a4a8358a93a6792e2acffb9d9d5cb0a5cfd8802644b7b1c9a02e4/colorama-0.4.6.tar.gz", hash = "sha256:08695f5cb7ed6e0531a20572697297273c47b8cae5a63ffc6d6ed5c201be6e44", size = 27697, upload-time = "2022-10-25T02:36:22.414Z" }
wheels = [
    { url = "https://files.pythonhosted.org/packages/d1/d6/3965ed04c63042e047cb6a3e6ed1a63a35087b6a609aa3a15ed8ac56c221/colorama-0.4.6-py2.py3-none-any.whl", hash = "sha256:4f1d9991f5acc0ca119f9d443620b77f9d6b33703e51011c16baf57afb285fc6", size = 25335, upload-time = "2022-10-25T02:36:20.889Z" },
]

[[package]]
name = "iniconfig"
version = "2.3.0"
source = { registry = "https://pypi.org/simple" }
sdist = { url = "https://files.pythonhosted.org/packages/72/34/14ca021ce8e5dfedc35312d08ba8bf51fdd999c576889fc2c24cb97f4f10/iniconfig-2.3.0.tar.gz", hash = "sha256:c76315c77db068650d49c5b56314774a7804df16fee4402c1f19d6d15d8c4730", size = 20503, upload-time = "2025-10-18T21:55:43.219Z" }
wheels = [
    { url = "https://files.pythonhosted.org/packages/cb/b1/3846dd7f199d53cb17f49cba7e651e9ce294d8497c8c150530ed11865bb8/iniconfig-2.3.0-py3-none-any.whl", hash = "sha256:f631c04d2c48c52b84d0d0549c99ff3859c98df65b3101406327ecc7d53fbf12", size = 7484, upload-time = "2025-10-18T21:55:41.639Z" },
]

[[package]]
name = "mido"
version = "1.3.3"
source = { registry = "https://pypi.org/simple" }
dependencies = [
    { name = "packaging" },
]
sdist = { url = "https://files.pythonhosted.org/packages/23/14/cfda3fe61ce4c0f50a9f707ae02b46cb53211732b2cd4522bf06272848f4/mido-1.3.3.tar.gz", hash = "sha256:1aecb30b7f282404f17e43768cbf74a6a31bf22b3b783bdd117a1ce9d22cb74c", size = 124288, upload-time = "2024-10-25T15:05:21.847Z" }
wheels = [
    { url = "https://files.pythonhosted.org/packages/fd/28/45deb15c11859d2f10702b32e71de9328a9fa494f989626916db39a9617f/mido-1.3.3-py3-none-any.whl", hash = "sha256:01033c9b10b049e4436fca2762194ca839b09a4334091dd3c34e7f4ae674fd8a", size = 54614, upload-time = "2024-10-25T15:05:20.349Z" },
]

[[package]]
name = "nodeenv"
version = "1.10.0"
source = { registry = "https://pypi.org/simple" }
sdist = { url = "https://files.pythonhosted.org/packages/24/bf/d1bda4f6168e0b2e9e5958945e01910052158313224ada5ce1fb2e1113b8/nodeenv-1.10.0.tar.gz", hash = "sha256:996c191ad80897d076bdfba80a41994c2b47c68e224c542b48feba42ba00f8bb", size = 55611, upload-time = "2025-12-20T14:08:54.006Z" }
wheels = [
    { url = "https://files.pythonhosted.org/packages/88/b2/d0896bdcdc8d28a7fc5717c305f1a861c26e18c05047949fb371034d98bd/nodeenv-1.10.0-py2.py3-none-any.whl", hash = "sha256:5bb13e3eed2923615535339b3c620e76779af4cb4c6a90deccc9e36b274d3827", size = 23438, upload-time = "2025-12-20T14:08:52.782Z" },
]

[[package]]
name = "numpy"
version = "2.5.1"
source = { registry = "https://pypi.org/simple" }
sdist = { url = "https://files.pythonhosted.org/packages/22/fd/89965aa4ac08c74998539fcbf24fa3540f3e15237fbeb6bcf9c908f4aade/numpy-2.5.1.tar.gz", hash = "sha256:a48a113e6afea91f5608793bafa7ef2ad481fefbda87ec5069f483de61cb9fa3", size = 20755553, upload-time = "2026-07-04T17:08:00.933Z" }
wheels = [
    { url = "https://files.pythonhosted.org/packages/62/7b/14687aa674250e5e546f616f486b0d56d3631cd5b2415739141ce40bdcea/numpy-2.5.1-cp312-cp312-macosx_10_13_x86_64.whl", hash = "sha256:2c889b56fe48b1018f764b0eec8df59ab654e9148aa91faa12596043500de277", size = 16801574, upload-time = "2026-07-04T17:06:12.423Z" },
    { url = "https://files.pythonhosted.org/packages/e1/19/cc5bb2a3f2913d27d6dbb2c78d25921fabaedc6741d4a5a615a11f3c5bf3/numpy-2.5.1-cp312-cp312-macosx_11_0_arm64.whl", hash = "sha256:ab451b59c5643c570974c43aef780703ef1d3b4965d2be07afd530615a9358d1", size = 11772250, upload-time = "2026-07-04T17:06:15.726Z" },
    { url = "https://files.pythonhosted.org/packages/42/77/fdf34a71dd30f54979b18603bee915e0aaf825b07afe79acd60b04b691e2/numpy-2.5.1-cp312-cp312-macosx_14_0_arm64.whl", hash = "sha256:78798bd5b9ad744056af8efa90e3b9ddaa53272a0848a483084a1cc0a13b2dc0", size = 5331516, upload-time = "2026-07-04T17:06:17.913Z" },
    { url = "https://files.pythonhosted.org/packages/ce/e2/eb7efa015b4cce41e2517bf182a7fce0d7d5b9d9ed76a29bfa0f4fe4505c/numpy-2.5.1-cp312-cp312-macosx_14_0_x86_64.whl", hash = "sha256:2ae0ca40bcb22d6ba59c1dfd5446f49940b0f2d821fde133f10dda11f816b84e", size = 6664863, upload-time = "2026-07-04T17:06:20.02Z" },
    { url = "https://files.pythonhosted.org/packages/a9/4b/a2b32dd94ee9ffbeecb28152240042a3949db33b1c834d44090b80e1b3b8/numpy-2.5.1-cp312-cp312-manylinux_2_27_aarch64.manylinux_2_28_aarch64.whl", hash = "sha256:61ac47e772e6b8ea489e1d2f441a34c5c3ac17327e7ce294cbdf535795ad4e75", size = 15167977, upload-time = "2026-07-04T17:06:21.621Z" },
    { url = "https://files.pythonhosted.org/packages/b8/a9/6e73d68500f80773f65f0654ea932019d6694329a0eb0ed0533de38df376/numpy-2.5.1-cp312-cp312-manylinux_2_27_x86_64.manylinux_2_28_x86_64.whl", hash = "sha256:59fda5e192b570217ec2580c96f00e9a7e12ef6866a900eb089b62c1a32545ca", size = 16672469, upload-time = "2026-07-04T17:06:24.064Z" },
    { url = "https://files.pythonhosted.org/packages/24/7d/ad3e59015135f5261c95fd4cafeff159c955febd83a99a1d9250c4233815/numpy-2.5.1-cp312-cp312-musllinux_1_2_aarch64.whl", hash = "sha256:f7119ebff1a9829e9f431a4f9d28e703023bb6b9fe7c8f724467dbfc27c94ab3", size = 16527531, upload-time = "2026-07-04T17:06:26.69Z" },
    { url = "https://files.pythonhosted.org/packages/83/d0/a39b2fbcde9cb17a1dac678f254b33a6336298af9df338824c685425d5e8/numpy-2.5.1-cp312-cp312-musllinux_1_2_x86_64.whl", hash = "sha256:e824c2acf8862052246be5a44c15da1777940c60d010dd2aab897824d9c430f9", size = 18431940, upload-time = "2026-07-04T17:06:29.521Z" },
    { url = "https://files.pythonhosted.org/packages/04/12/cff070947791c1ed425ff76413189adbdc2fbe215eba7ce7fa454a03c7f8/numpy-2.5.1-cp312-cp312-win32.whl", hash = "sha256:08d60c810432eb83360958dea0999ac4cfb94531ea8efcbf0b7f277c2068aeb2", size = 6066764, upload-time = "2026-07-04T17:06:32.571Z" },
    { url = "https://files.pythonhosted.org/packages/65/66/53f31807a48a750f9d748da273bc3fcedd12b27ff1f3e373bfec55ef2dc0/numpy-2.5.1-cp312-cp312-win_amd64.whl", hash = "sha256:f7d60026c0bdb1380e83bfa7a0419c4577ee4b9a08880afcb6dadeb74c649fa2", size = 12430966, upload-time = "2026-07-04T17:06:34.926Z" },
    { url = "https://files.pythonhosted.org/packages/2b/2a/d1a88066b1c14186f5d3c0d18c94f17b064511982bab0578d49ee9d43c29/numpy-2.5.1-cp312-cp312-win_arm64.whl", hash = "sha256:17a25e09640602e10bc8de0e6fa2b3fd68eedd84ba6d7842dc8f32f9ab87bd0b", size = 10350488, upload-time = "2026-07-04T17:06:37.785Z" },
]

[[package]]
name = "opencv-python"
version = "4.13.0.92"
source = { registry = "https://pypi.org/simple" }
dependencies = [
    { name = "numpy" },
]
wheels = [
    { url = "https://files.pythonhosted.org/packages/fc/6f/5a28fef4c4a382be06afe3938c64cc168223016fa520c5abaf37e8862aa5/opencv_python-4.13.0.92-cp37-abi3-macosx_13_0_arm64.whl", hash = "sha256:caf60c071ec391ba51ed00a4a920f996d0b64e3e46068aac1f646b5de0326a19", size = 46247052, upload-time = "2026-02-05T07:01:25.046Z" },
    { url = "https://files.pythonhosted.org/packages/08/ac/6c98c44c650b8114a0fb901691351cfb3956d502e8e9b5cd27f4ee7fbf2f/opencv_python-4.13.0.92-cp37-abi3-macosx_14_0_x86_64.whl", hash = "sha256:5868a8c028a0b37561579bfb8ac1875babdc69546d236249fff296a8c010ccf9", size = 32568781, upload-time = "2026-02-05T07:01:41.379Z" },
    { url = "https://files.pythonhosted.org/packages/3e/51/82fed528b45173bf629fa44effb76dff8bc9f4eeaee759038362dfa60237/opencv_python-4.13.0.92-cp37-abi3-manylinux2014_aarch64.manylinux_2_17_aarch64.whl", hash = "sha256:0bc2596e68f972ca452d80f444bc404e08807d021fbba40df26b61b18e01838a", size = 47685527, upload-time = "2026-02-05T06:59:11.24Z" },
    { url = "https://files.pythonhosted.org/packages/db/07/90b34a8e2cf9c50fe8ed25cac9011cde0676b4d9d9c973751ac7616223a2/opencv_python-4.13.0.92-cp37-abi3-manylinux2014_x86_64.manylinux_2_17_x86_64.whl", hash = "sha256:402033cddf9d294693094de5ef532339f14ce821da3ad7df7c9f6e8316da32cf", size = 70460872, upload-time = "2026-02-05T06:59:19.162Z" },
    { url = "https://files.pythonhosted.org/packages/02/6d/7a9cc719b3eaf4377b9c2e3edeb7ed3a81de41f96421510c0a169ca3cfd4/opencv_python-4.13.0.92-cp37-abi3-manylinux_2_28_aarch64.whl", hash = "sha256:bccaabf9eb7f897ca61880ce2869dcd9b25b72129c28478e7f2a5e8dee945616", size = 46708208, upload-time = "2026-02-05T06:59:15.419Z" },
    { url = "https://files.pythonhosted.org/packages/fd/55/b3b49a1b97aabcfbbd6c7326df9cb0b6fa0c0aefa8e89d500939e04aa229/opencv_python-4.13.0.92-cp37-abi3-manylinux_2_28_x86_64.whl", hash = "sha256:620d602b8f7d8b8dab5f4b99c6eb353e78d3fb8b0f53db1bd258bb1aa001c1d5", size = 72927042, upload-time = "2026-02-05T06:59:23.389Z" },
    { url = "https://files.pythonhosted.org/packages/fb/17/de5458312bcb07ddf434d7bfcb24bb52c59635ad58c6e7c751b48949b009/opencv_python-4.13.0.92-cp37-abi3-win32.whl", hash = "sha256:372fe164a3148ac1ca51e5f3ad0541a4a276452273f503441d718fab9c5e5f59", size = 30932638, upload-time = "2026-02-05T07:02:14.98Z" },
    { url = "https://files.pythonhosted.org/packages/e9/a5/1be1516390333ff9be3a9cb648c9f33df79d5096e5884b5df71a588af463/opencv_python-4.13.0.92-cp37-abi3-win_amd64.whl", hash = "sha256:423d934c9fafb91aad38edf26efb46da91ffbc05f3f59c4b0c72e699720706f5", size = 40212062, upload-time = "2026-02-05T07:02:12.724Z" },
]

[[package]]
name = "packaging"
version = "26.2"
source = { registry = "https://pypi.org/simple" }
sdist = { url = "https://files.pythonhosted.org/packages/d7/f1/e7a6dd94a8d4a5626c03e4e99c87f241ba9e350cd9e6d75123f992427270/packaging-26.2.tar.gz", hash = "sha256:ff452ff5a3e828ce110190feff1178bb1f2ea2281fa2075aadb987c2fb221661", size = 228134, upload-time = "2026-04-24T20:15:23.917Z" }
wheels = [
    { url = "https://files.pythonhosted.org/packages/df/b2/87e62e8c3e2f4b32e5fe99e0b86d576da1312593b39f47d8ceef365e95ed/packaging-26.2-py3-none-any.whl", hash = "sha256:5fc45236b9446107ff2415ce77c807cee2862cb6fac22b8a73826d0693b0980e", size = 100195, upload-time = "2026-04-24T20:15:22.081Z" },
]

[[package]]
name = "pluggy"
version = "1.6.0"
source = { registry = "https://pypi.org/simple" }
sdist = { url = "https://files.pythonhosted.org/packages/f9/e2/3e91f31a7d2b083fe6ef3fa267035b518369d9511ffab804f839851d2779/pluggy-1.6.0.tar.gz", hash = "sha256:7dcc130b76258d33b90f61b658791dede3486c3e6bfb003ee5c9bfb396dd22f3", size = 69412, upload-time = "2025-05-15T12:30:07.975Z" }
wheels = [
    { url = "https://files.pythonhosted.org/packages/54/20/4d324d65cc6d9205fabedc306948156824eb9f0ee1633355a8f7ec5c66bf/pluggy-1.6.0-py3-none-any.whl", hash = "sha256:e920276dd6813095e9377c0bc5566d94c932c33b27a3e3945d8389c374dd4746", size = 20538, upload-time = "2025-05-15T12:30:06.134Z" },
]

[[package]]
name = "psutil"
version = "7.2.2"
source = { registry = "https://pypi.org/simple" }
sdist = { url = "https://files.pythonhosted.org/packages/aa/c6/d1ddf4abb55e93cebc4f2ed8b5d6dbad109ecb8d63748dd2b20ab5e57ebe/psutil-7.2.2.tar.gz", hash = "sha256:0746f5f8d406af344fd547f1c8daa5f5c33dbc293bb8d6a16d80b4bb88f59372", size = 493740, upload-time = "2026-01-28T18:14:54.428Z" }
wheels = [
    { url = "https://files.pythonhosted.org/packages/e7/36/5ee6e05c9bd427237b11b3937ad82bb8ad2752d72c6969314590dd0c2f6e/psutil-7.2.2-cp36-abi3-macosx_10_9_x86_64.whl", hash = "sha256:ed0cace939114f62738d808fdcecd4c869222507e266e574799e9c0faa17d486", size = 129090, upload-time = "2026-01-28T18:15:22.168Z" },
    { url = "https://files.pythonhosted.org/packages/80/c4/f5af4c1ca8c1eeb2e92ccca14ce8effdeec651d5ab6053c589b074eda6e1/psutil-7.2.2-cp36-abi3-macosx_11_0_arm64.whl", hash = "sha256:1a7b04c10f32cc88ab39cbf606e117fd74721c831c98a27dc04578deb0c16979", size = 129859, upload-time = "2026-01-28T18:15:23.795Z" },
    { url = "https://files.pythonhosted.org/packages/b5/70/5d8df3b09e25bce090399cf48e452d25c935ab72dad19406c77f4e828045/psutil-7.2.2-cp36-abi3-manylinux2010_x86_64.manylinux_2_12_x86_64.manylinux_2_28_x86_64.whl", hash = "sha256:076a2d2f923fd4821644f5ba89f059523da90dc9014e85f8e45a5774ca5bc6f9", size = 155560, upload-time = "2026-01-28T18:15:25.976Z" },
    { url = "https://files.pythonhosted.org/packages/63/65/37648c0c158dc222aba51c089eb3bdfa238e621674dc42d48706e639204f/psutil-7.2.2-cp36-abi3-manylinux2014_aarch64.manylinux_2_17_aarch64.manylinux_2_28_aarch64.whl", hash = "sha256:b0726cecd84f9474419d67252add4ac0cd9811b04d61123054b9fb6f57df6e9e", size = 156997, upload-time = "2026-01-28T18:15:27.794Z" },
    { url = "https://files.pythonhosted.org/packages/8e/13/125093eadae863ce03c6ffdbae9929430d116a246ef69866dad94da3bfbc/psutil-7.2.2-cp36-abi3-musllinux_1_2_aarch64.whl", hash = "sha256:fd04ef36b4a6d599bbdb225dd1d3f51e00105f6d48a28f006da7f9822f2606d8", size = 148972, upload-time = "2026-01-28T18:15:29.342Z" },
    { url = "https://files.pythonhosted.org/packages/04/78/0acd37ca84ce3ddffaa92ef0f571e073faa6d8ff1f0559ab1272188ea2be/psutil-7.2.2-cp36-abi3-musllinux_1_2_x86_64.whl", hash = "sha256:b58fabe35e80b264a4e3bb23e6b96f9e45a3df7fb7eed419ac0e5947c61e47cc", size = 148266, upload-time = "2026-01-28T18:15:31.597Z" },
    { url = "https://files.pythonhosted.org/packages/b4/90/e2159492b5426be0c1fef7acba807a03511f97c5f86b3caeda6ad92351a7/psutil-7.2.2-cp37-abi3-win_amd64.whl", hash = "sha256:eb7e81434c8d223ec4a219b5fc1c47d0417b12be7ea866e24fb5ad6e84b3d988", size = 137737, upload-time = "2026-01-28T18:15:33.849Z" },
    { url = "https://files.pythonhosted.org/packages/8c/c7/7bb2e321574b10df20cbde462a94e2b71d05f9bbda251ef27d104668306a/psutil-7.2.2-cp37-abi3-win_arm64.whl", hash = "sha256:8c233660f575a5a89e6d4cb65d9f938126312bca76d8fe087b947b3a1aaac9ee", size = 134617, upload-time = "2026-01-28T18:15:36.514Z" },
]

[[package]]
name = "pycparser"
version = "3.0"
source = { registry = "https://pypi.org/simple" }
sdist = { url = "https://files.pythonhosted.org/packages/1b/7d/92392ff7815c21062bea51aa7b87d45576f649f16458d78b7cf94b9ab2e6/pycparser-3.0.tar.gz", hash = "sha256:600f49d217304a5902ac3c37e1281c9fe94e4d0489de643a9504c5cdfdfc6b29", size = 103492, upload-time = "2026-01-21T14:26:51.89Z" }
wheels = [
    { url = "https://files.pythonhosted.org/packages/0c/c3/44f3fbbfa403ea2a7c779186dc20772604442dde72947e7d01069cbe98e3/pycparser-3.0-py3-none-any.whl", hash = "sha256:b727414169a36b7d524c1c3e31839a521725078d7b2ff038656844266160a992", size = 48172, upload-time = "2026-01-21T14:26:50.693Z" },
]

[[package]]
name = "pygments"
version = "2.20.0"
source = { registry = "https://pypi.org/simple" }
sdist = { url = "https://files.pythonhosted.org/packages/c3/b2/bc9c9196916376152d655522fdcebac55e66de6603a76a02bca1b6414f6c/pygments-2.20.0.tar.gz", hash = "sha256:6757cd03768053ff99f3039c1a36d6c0aa0b263438fcab17520b30a303a82b5f", size = 4955991, upload-time = "2026-03-29T13:29:33.898Z" }
wheels = [
    { url = "https://files.pythonhosted.org/packages/f4/7e/a72dd26f3b0f4f2bf1dd8923c85f7ceb43172af56d63c7383eb62b332364/pygments-2.20.0-py3-none-any.whl", hash = "sha256:81a9e26dd42fd28a23a2d169d86d7ac03b46e2f8b59ed4698fb4785f946d0176", size = 1231151, upload-time = "2026-03-29T13:29:30.038Z" },
]

[[package]]
name = "pyright"
version = "1.1.411"
source = { registry = "https://pypi.org/simple" }
dependencies = [
    { name = "nodeenv" },
    { name = "typing-extensions" },
]
sdist = { url = "https://files.pythonhosted.org/packages/7e/ab/265f7dc69d28113ebba19092e57b075f41543b2ed048429c5f56e2b88eac/pyright-1.1.411.tar.gz", hash = "sha256:d885a0551f2e763b089a02702174e7f4ba77548cddabc972ab86d1f7f1b0f998", size = 4112861, upload-time = "2026-06-25T02:14:06.37Z" }
wheels = [
    { url = "https://files.pythonhosted.org/packages/0a/49/385be530a6a5b78d1cbcd5c2e38debc8959a2fc6bdb716f4e581002979fc/pyright-1.1.411-py3-none-any.whl", hash = "sha256:dc7c72a8e2700c55baa127554040e067041ea53ccfd50bf96308cc4291c7d5d9", size = 6181526, upload-time = "2026-06-25T02:14:04.691Z" },
]

[[package]]
name = "pyside6"
version = "6.10.3"
source = { registry = "https://pypi.org/simple" }
dependencies = [
    { name = "pyside6-addons" },
    { name = "pyside6-essentials" },
    { name = "shiboken6" },
]
wheels = [
    { url = "https://files.pythonhosted.org/packages/dc/7a/0423ed0ac2794ae082c2cb303490cde245c880df6d6e4bd2f42633cb97e7/pyside6-6.10.3-cp39-abi3-macosx_13_0_universal2.whl", hash = "sha256:2d31695fcce3c89ffc621011c6409c0ba1930000d7172dea48994a7744205deb", size = 563312, upload-time = "2026-04-02T08:51:11.566Z" },
    { url = "https://files.pythonhosted.org/packages/85/7f/0e4927abee64073df6fb4065ec1ee8be243247aae14e8354162e9f949379/pyside6-6.10.3-cp39-abi3-manylinux_2_34_x86_64.whl", hash = "sha256:36a12f000622e77ef0d98597d2640ae8775954ed900b578eacb6c9fca6cf78fb", size = 563485, upload-time = "2026-04-02T08:51:13.134Z" },
    { url = "https://files.pythonhosted.org/packages/74/32/a966aa87e72c3e2429fb4f02472c43f5993cc895c18acc315c62253e40f8/pyside6-6.10.3-cp39-abi3-manylinux_2_39_aarch64.whl", hash = "sha256:236a5f4782cbd821cdb92d76c3ff409e6197736bf328d18c483074a7d988793f", size = 563485, upload-time = "2026-04-02T08:51:14.769Z" },
    { url = "https://files.pythonhosted.org/packages/69/b2/0b12acdc85a05034917ceecea4fe1aaed91c72fa3de6211666a572566174/pyside6-6.10.3-cp39-abi3-win_amd64.whl", hash = "sha256:c7847e4ae7b1aef1aad822ca7f175c2100c4f9f3af679125cbbdf2b364b32007", size = 569697, upload-time = "2026-04-02T08:51:16.114Z" },
    { url = "https://files.pythonhosted.org/packages/68/31/23d4017b777ead5253772b95e5c97bdc4ae4861137ed5302d17cd8bcd11a/pyside6-6.10.3-cp39-abi3-win_arm64.whl", hash = "sha256:cd6b5eb0ebaf950b5de1d5333b6bd4c94eeffb8f449b6257f259e263ab7781a5", size = 553965, upload-time = "2026-04-02T08:51:17.705Z" },
]

[[package]]
name = "pyside6-addons"
version = "6.10.3"
source = { registry = "https://pypi.org/simple" }
dependencies = [
    { name = "pyside6-essentials" },
    { name = "shiboken6" },
]
wheels = [
    { url = "https://files.pythonhosted.org/packages/6b/ca/e898773690b41908d83b137e8ef08e3de7c6b22b5fdff3074bade12af2b3/pyside6_addons-6.10.3-cp39-abi3-macosx_13_0_universal2.whl", hash = "sha256:f2a2e3a7650cd1599996871da5bea76b7fb4b219bc2b4f7927739e86bc1fb9d9", size = 322840060, upload-time = "2026-04-02T08:47:23.58Z" },
    { url = "https://files.pythonhosted.org/packages/3d/fb/9df1103a6b71c35a223ea7ba7898c3aa3b1fb91d1aaf85b78f8a9a468121/pyside6_addons-6.10.3-cp39-abi3-manylinux_2_34_x86_64.whl", hash = "sha256:a9a53a824ba8429953345c89a2dd5dc65d1f1d7e88b6cf1b975a6ef4f4d9760f", size = 170760635, upload-time = "2026-04-02T08:47:40.365Z" },
    { url = "https://files.pythonhosted.org/packages/89/85/c357b77987339a5eb7ff35a50bb16bcf900780b9a17c36e4f8ac7eccb0e6/pyside6_addons-6.10.3-cp39-abi3-manylinux_2_39_aarch64.whl", hash = "sha256:9938da9ad0d47966cf2064e5d26536e8b6ebcca074c54b2e2bfd0648cd248962", size = 166476210, upload-time = "2026-04-02T08:47:56.771Z" },
    { url = "https://files.pythonhosted.org/packages/2c/5d/28dc9b8c926c86530c42cab4ed4f1bc43f025da8b7d8a39d3e18f8a937f3/pyside6_addons-6.10.3-cp39-abi3-win_amd64.whl", hash = "sha256:b465b38d1ec3476a9197441fe6a62a1fac97c45a8094f11c2d7e318aee1e3fb3", size = 164743124, upload-time = "2026-04-02T08:48:13.811Z" },
    { url = "https://files.pythonhosted.org/packages/85/e8/d2e0b729e13ea9004a57dbf96cd0a5620c8d7379c147a61be8739cafda30/pyside6_addons-6.10.3-cp39-abi3-win_arm64.whl", hash = "sha256:2a23d7ba09deaa35dbcdd171eb4d6251147b6a197a6f4c647d8e6416706861d0", size = 34048174, upload-time = "2026-04-02T08:48:20.015Z" },
]

[[package]]
name = "pyside6-essentials"
version = "6.10.3"
source = { registry = "https://pypi.org/simple" }
dependencies = [
    { name = "shiboken6" },
]
wheels = [
    { url = "https://files.pythonhosted.org/packages/11/09/b14fae948aa38140079dd585c4c11fe42f12ef3be5a417603512547c232f/pyside6_essentials-6.10.3-cp39-abi3-macosx_13_0_universal2.whl", hash = "sha256:8d7e2b826ac7f043dbfff487552c220517003927f6cfa14ab6a4824e8623a686", size = 106014872, upload-time = "2026-04-02T08:48:41.107Z" },
    { url = "https://files.pythonhosted.org/packages/df/78/1b2bc96e720c17b35f8d6f54a13d32fbcd4cb8a8fc4a3dba8741711a3ab0/pyside6_essentials-6.10.3-cp39-abi3-manylinux_2_34_x86_64.whl", hash = "sha256:5fb32b48010f513335a2166ac3df279c5996fb96402fd91a4875fc717fe55de0", size = 77077386, upload-time = "2026-04-02T08:48:47.9Z" },
    { url = "https://files.pythonhosted.org/packages/73/9d/90c6c356f7a261be3e40d655baaec394622cd58b14fd98fdd582ed0c644a/pyside6_essentials-6.10.3-cp39-abi3-manylinux_2_39_aarch64.whl", hash = "sha256:6f1b226930828caef622aef0f1fe718db54849b29102617bc978c0120368ed6b", size = 76166253, upload-time = "2026-04-02T08:48:56.2Z" },
    { url = "https://files.pythonhosted.org/packages/bf/11/7cfcfc74213b8e33aecef6fa05dcedf45e65385155f07486a514a9777b0d/pyside6_essentials-6.10.3-cp39-abi3-win_amd64.whl", hash = "sha256:051a70e2df79cf1c012a208ad82a98e8de23ca7fe3b0f3344d07152d15705b59", size = 74610897, upload-time = "2026-04-02T08:49:06.878Z" },
    { url = "https://files.pythonhosted.org/packages/28/53/d43a9f3ac21fbaa9ba517b9d5f28297a4eb11ded6a85b625d71b1e6f3f49/pyside6_essentials-6.10.3-cp39-abi3-win_arm64.whl", hash = "sha256:f9124e2f4a4cedba83bea11f712b152093ff91be3512e17c64ffc4f43f02bddd", size = 55296520, upload-time = "2026-04-02T08:49:15.249Z" },
]

[[package]]
name = "pytest"
version = "9.1.1"
source = { registry = "https://pypi.org/simple" }
dependencies = [
    { name = "colorama", marker = "sys_platform == 'win32'" },
    { name = "iniconfig" },
    { name = "packaging" },
    { name = "pluggy" },
    { name = "pygments" },
]
sdist = { url = "https://files.pythonhosted.org/packages/e4/47/b9efed96c114afcfa3c9d3fe98a76a1d14c74a9e266d397cf6eb64be5e01/pytest-9.1.1.tar.gz", hash = "sha256:1088fbde8f2b49d95a549a195707afa7a76a3ce9bcadc26b6d71f0ffda5fe313", size = 1636369, upload-time = "2026-06-19T10:58:32.857Z" }
wheels = [
    { url = "https://files.pythonhosted.org/packages/24/25/1de2678b631f5a49215c6c96fff41ba892b0a34df68d6d80292b1b48aa7f/pytest-9.1.1-py3-none-any.whl", hash = "sha256:37a86b45efb9a47a61a36449063e8e18d0cab3161329fc099eb21783169c4f0c", size = 386536, upload-time = "2026-06-19T10:58:31.347Z" },
]

[[package]]
name = "python-rtmidi"
version = "1.5.8"
source = { registry = "https://pypi.org/simple" }
sdist = { url = "https://files.pythonhosted.org/packages/dd/ee/0f91965dcc471714c69df21e5ca3d94dc81411b7dee2d31ff1184bea07c9/python_rtmidi-1.5.8.tar.gz", hash = "sha256:7f9ade68b068ae09000ecb562ae9521da3a234361ad5449e83fc734544d004fa", size = 368130, upload-time = "2023-11-20T21:55:02.192Z" }
wheels = [
    { url = "https://files.pythonhosted.org/packages/51/27/887b0378e0a907489a07bdeb808fa5ed349675245c6ee14d9f6d00304f96/python_rtmidi-1.5.8-cp312-cp312-macosx_10_9_x86_64.whl", hash = "sha256:5443634597eb340cdec0734f76267a827c2d366f00a6f9195141c78828016ac2", size = 158861, upload-time = "2023-11-20T21:54:39.549Z" },
    { url = "https://files.pythonhosted.org/packages/4d/ec/57cecde253daab896ce53778520cd41eb062641862ebdb0ee6f97511b1d9/python_rtmidi-1.5.8-cp312-cp312-macosx_11_0_arm64.whl", hash = "sha256:29d9c9d9f82ce679fecad7bb4cb79f3a24574ea84600e377194b4cc1baacec0e", size = 153416, upload-time = "2023-11-20T21:54:40.835Z" },
    { url = "https://files.pythonhosted.org/packages/6f/5b/dc19c53d9d512b74dc2cca3725591cc612b9465645695a0696352a8c8b54/python_rtmidi-1.5.8-cp312-cp312-manylinux_2_28_aarch64.whl", hash = "sha256:25f5a5db7be98911c41ca5bebb262fcf9a7c89600b88fd3c207ceafd3101e721", size = 305696, upload-time = "2023-11-20T21:54:42.037Z" },
    { url = "https://files.pythonhosted.org/packages/f6/92/5a60f56dfb2740e644e932233928947423cd2101895319b331f84527eb31/python_rtmidi-1.5.8-cp312-cp312-manylinux_2_28_x86_64.whl", hash = "sha256:cec30924e305f55284594ccf35a71dee7216fd308dfa2dec1b3ed03e6f243803", size = 315579, upload-time = "2023-11-20T21:54:43.339Z" },
    { url = "https://files.pythonhosted.org/packages/93/46/6af077d262f521ea2bf1ab60b8aad72f34fe6dd55af739176605369d449c/python_rtmidi-1.5.8-cp312-cp312-win_amd64.whl", hash = "sha256:052c89933cae4fca354012d8ca7248f4f9e1e3f062471409d48415a7f7d7e59e", size = 129755, upload-time = "2023-11-20T21:54:44.935Z" },
]

[[package]]
name = "ruff"
version = "0.14.14"
source = { registry = "https://pypi.org/simple" }
sdist = { url = "https://files.pythonhosted.org/packages/2e/06/f71e3a86b2df0dfa2d2f72195941cd09b44f87711cb7fa5193732cb9a5fc/ruff-0.14.14.tar.gz", hash = "sha256:2d0f819c9a90205f3a867dbbd0be083bee9912e170fd7d9704cc8ae45824896b", size = 4515732, upload-time = "2026-01-22T22:30:17.527Z" }
wheels = [
    { url = "https://files.pythonhosted.org/packages/d2/89/20a12e97bc6b9f9f68343952da08a8099c57237aef953a56b82711d55edd/ruff-0.14.14-py3-none-linux_armv6l.whl", hash = "sha256:7cfe36b56e8489dee8fbc777c61959f60ec0f1f11817e8f2415f429552846aed", size = 10467650, upload-time = "2026-01-22T22:30:08.578Z" },
    { url = "https://files.pythonhosted.org/packages/a3/b1/c5de3fd2d5a831fcae21beda5e3589c0ba67eec8202e992388e4b17a6040/ruff-0.14.14-py3-none-macosx_10_12_x86_64.whl", hash = "sha256:6006a0082336e7920b9573ef8a7f52eec837add1265cc74e04ea8a4368cd704c", size = 10883245, upload-time = "2026-01-22T22:30:04.155Z" },
    { url = "https://files.pythonhosted.org/packages/b8/7c/3c1db59a10e7490f8f6f8559d1db8636cbb13dccebf18686f4e3c9d7c772/ruff-0.14.14-py3-none-macosx_11_0_arm64.whl", hash = "sha256:026c1d25996818f0bf498636686199d9bd0d9d6341c9c2c3b62e2a0198b758de", size = 10231273, upload-time = "2026-01-22T22:30:34.642Z" },
    { url = "https://files.pythonhosted.org/packages/a1/6e/5e0e0d9674be0f8581d1f5e0f0a04761203affce3232c1a1189d0e3b4dad/ruff-0.14.14-py3-none-manylinux_2_17_aarch64.manylinux2014_aarch64.whl", hash = "sha256:f666445819d31210b71e0a6d1c01e24447a20b85458eea25a25fe8142210ae0e", size = 10585753, upload-time = "2026-01-22T22:30:31.781Z" },
    { url = "https://files.pythonhosted.org/packages/23/09/754ab09f46ff1884d422dc26d59ba18b4e5d355be147721bb2518aa2a014/ruff-0.14.14-py3-none-manylinux_2_17_armv7l.manylinux2014_armv7l.whl", hash = "sha256:3c0f18b922c6d2ff9a5e6c3ee16259adc513ca775bcf82c67ebab7cbd9da5bc8", size = 10286052, upload-time = "2026-01-22T22:30:24.827Z" },
    { url = "https://files.pythonhosted.org/packages/c8/cc/e71f88dd2a12afb5f50733851729d6b571a7c3a35bfdb16c3035132675a0/ruff-0.14.14-py3-none-manylinux_2_17_i686.manylinux2014_i686.whl", hash = "sha256:1629e67489c2dea43e8658c3dba659edbfd87361624b4040d1df04c9740ae906", size = 11043637, upload-time = "2026-01-22T22:30:13.239Z" },
    { url = "https://files.pythonhosted.org/packages/67/b2/397245026352494497dac935d7f00f1468c03a23a0c5db6ad8fc49ca3fb2/ruff-0.14.14-py3-none-manylinux_2_17_ppc64.manylinux2014_ppc64.whl", hash = "sha256:27493a2131ea0f899057d49d303e4292b2cae2bb57253c1ed1f256fbcd1da480", size = 12194761, upload-time = "2026-01-22T22:30:22.542Z" },
    { url = "https://files.pythonhosted.org/packages/5b/06/06ef271459f778323112c51b7587ce85230785cd64e91772034ddb88f200/ruff-0.14.14-py3-none-manylinux_2_17_ppc64le.manylinux2014_ppc64le.whl", hash = "sha256:01ff589aab3f5b539e35db38425da31a57521efd1e4ad1ae08fc34dbe30bd7df", size = 12005701, upload-time = "2026-01-22T22:30:20.499Z" },
    { url = "https://files.pythonhosted.org/packages/41/d6/99364514541cf811ccc5ac44362f88df66373e9fec1b9d1c4cc830593fe7/ruff-0.14.14-py3-none-manylinux_2_17_s390x.manylinux2014_s390x.whl", hash = "sha256:1cc12d74eef0f29f51775f5b755913eb523546b88e2d733e1d701fe65144e89b", size = 11282455, upload-time = "2026-01-22T22:29:59.679Z" },
    { url = "https://files.pythonhosted.org/packages/ca/71/37daa46f89475f8582b7762ecd2722492df26421714a33e72ccc9a84d7a5/ruff-0.14.14-py3-none-manylinux_2_17_x86_64.manylinux2014_x86_64.whl", hash = "sha256:bb8481604b7a9e75eff53772496201690ce2687067e038b3cc31aaf16aa0b974", size = 11215882, upload-time = "2026-01-22T22:29:57.032Z" },
    { url = "https://files.pythonhosted.org/packages/2c/10/a31f86169ec91c0705e618443ee74ede0bdd94da0a57b28e72db68b2dbac/ruff-0.14.14-py3-none-manylinux_2_31_riscv64.whl", hash = "sha256:14649acb1cf7b5d2d283ebd2f58d56b75836ed8c6f329664fa91cdea19e76e66", size = 11180549, upload-time = "2026-01-22T22:30:27.175Z" },
    { url = "https://files.pythonhosted.org/packages/fd/1e/c723f20536b5163adf79bdd10c5f093414293cdf567eed9bdb7b83940f3f/ruff-0.14.14-py3-none-musllinux_1_2_aarch64.whl", hash = "sha256:e8058d2145566510790eab4e2fad186002e288dec5e0d343a92fe7b0bc1b3e13", size = 10543416, upload-time = "2026-01-22T22:30:01.964Z" },
    { url = "https://files.pythonhosted.org/packages/3e/34/8a84cea7e42c2d94ba5bde1d7a4fae164d6318f13f933d92da6d7c2041ff/ruff-0.14.14-py3-none-musllinux_1_2_armv7l.whl", hash = "sha256:e651e977a79e4c758eb807f0481d673a67ffe53cfa92209781dfa3a996cf8412", size = 10285491, upload-time = "2026-01-22T22:30:29.51Z" },
    { url = "https://files.pythonhosted.org/packages/55/ef/b7c5ea0be82518906c978e365e56a77f8de7678c8bb6651ccfbdc178c29f/ruff-0.14.14-py3-none-musllinux_1_2_i686.whl", hash = "sha256:cc8b22da8d9d6fdd844a68ae937e2a0adf9b16514e9a97cc60355e2d4b219fc3", size = 10733525, upload-time = "2026-01-22T22:30:06.499Z" },
    { url = "https://files.pythonhosted.org/packages/6a/5b/aaf1dfbcc53a2811f6cc0a1759de24e4b03e02ba8762daabd9b6bd8c59e3/ruff-0.14.14-py3-none-musllinux_1_2_x86_64.whl", hash = "sha256:16bc890fb4cc9781bb05beb5ab4cd51be9e7cb376bf1dd3580512b24eb3fda2b", size = 11315626, upload-time = "2026-01-22T22:30:36.848Z" },
    { url = "https://files.pythonhosted.org/packages/2c/aa/9f89c719c467dfaf8ad799b9bae0df494513fb21d31a6059cb5870e57e74/ruff-0.14.14-py3-none-win32.whl", hash = "sha256:b530c191970b143375b6a68e6f743800b2b786bbcf03a7965b06c4bf04568167", size = 10502442, upload-time = "2026-01-22T22:30:38.93Z" },
    { url = "https://files.pythonhosted.org/packages/87/44/90fa543014c45560cae1fffc63ea059fb3575ee6e1cb654562197e5d16fb/ruff-0.14.14-py3-none-win_amd64.whl", hash = "sha256:3dde1435e6b6fe5b66506c1dff67a421d0b7f6488d466f651c07f4cab3bf20fd", size = 11630486, upload-time = "2026-01-22T22:30:10.852Z" },
    { url = "https://files.pythonhosted.org/packages/9e/6a/40fee331a52339926a92e17ae748827270b288a35ef4a15c9c8f2ec54715/ruff-0.14.14-py3-none-win_arm64.whl", hash = "sha256:56e6981a98b13a32236a72a8da421d7839221fa308b223b9283312312e5ac76c", size = 10920448, upload-time = "2026-01-22T22:30:15.417Z" },
]

[[package]]
name = "shiboken6"
version = "6.10.3"
source = { registry = "https://pypi.org/simple" }
wheels = [
    { url = "https://files.pythonhosted.org/packages/00/0d/ac1380fbb4d247be6b82931797826d8d18d59d96a48d8395d61cca0a4862/shiboken6-6.10.3-cp39-abi3-macosx_13_0_universal2.whl", hash = "sha256:3827489c2b3059541a71678916716f2867eeeac8724adb6f82de6e69d1b5cfe8", size = 479931, upload-time = "2026-04-02T08:49:31.875Z" },
    { url = "https://files.pythonhosted.org/packages/1b/c5/cbc20e31c0d7c47adeb5a6557991ce0eaab7a0288ee3b6aa25edaf3215d7/shiboken6-6.10.3-cp39-abi3-manylinux_2_34_x86_64.whl", hash = "sha256:99e8ac3319a2c93a4a8f8bb4512d71a9d43bc9f226f094a80a728d6dcc3e4826", size = 273084, upload-time = "2026-04-02T08:49:33.36Z" },
    { url = "https://files.pythonhosted.org/packages/da/e3/ee446f92a8fd84a46230e6fb811cd914857802a0987ee91d87738e6bad20/shiboken6-6.10.3-cp39-abi3-manylinux_2_39_aarch64.whl", hash = "sha256:49d08bff0c36edb839aca0a8059fd771c81b4a0770f38f374542aae03f860c07", size = 269936, upload-time = "2026-04-02T08:49:34.662Z" },
    { url = "https://files.pythonhosted.org/packages/fa/6a/488cf05549e3888dff5424e7713e29e45955c14f2041bf99f3f493b1acc8/shiboken6-6.10.3-cp39-abi3-win_amd64.whl", hash = "sha256:38261c88e87a1c32d1302b642b755470d2369c78af3c7d7d9e95d631f79b556c", size = 1222126, upload-time = "2026-04-02T08:49:36.154Z" },
    { url = "https://files.pythonhosted.org/packages/2e/5a/5be8092d6b7ad9f0c8d96a9db8e3fe0e76f9a75e2a8a96814d06844e9de1/shiboken6-6.10.3-cp39-abi3-win_arm64.whl", hash = "sha256:7f196245985bcf85d5c6d1cfd870f139484d5259c16e8a42deddacca0671bfbe", size = 1784185, upload-time = "2026-04-02T08:49:38.01Z" },
]

[[package]]
name = "sounddevice"
version = "0.5.5"
source = { registry = "https://pypi.org/simple" }
dependencies = [
    { name = "cffi" },
]
sdist = { url = "https://files.pythonhosted.org/packages/2a/f9/2592608737553638fca98e21e54bfec40bf577bb98a61b2770c912aab25e/sounddevice-0.5.5.tar.gz", hash = "sha256:22487b65198cb5bf2208755105b524f78ad173e5ab6b445bdab1c989f6698df3", size = 143191, upload-time = "2026-01-23T18:36:43.529Z" }
wheels = [
    { url = "https://files.pythonhosted.org/packages/1e/0a/478e441fd049002cf308520c0d62dd8333e7c6cc8d997f0dda07b9fbcc46/sounddevice-0.5.5-py3-none-any.whl", hash = "sha256:30ff99f6c107f49d25ad16a45cacd8d91c25a1bcdd3e81a206b921a3a6405b1f", size = 32807, upload-time = "2026-01-23T18:36:35.649Z" },
    { url = "https://files.pythonhosted.org/packages/56/f9/c037c35f6d0b6bc3bc7bfb314f1d6f1f9a341328ef47cd63fc4f850a7b27/sounddevice-0.5.5-py3-none-macosx_10_6_x86_64.macosx_10_6_universal2.whl", hash = "sha256:05eb9fd6c54c38d67741441c19164c0dae8ce80453af2d8c4ad2e7823d15b722", size = 108557, upload-time = "2026-01-23T18:36:37.41Z" },
    { url = "https://files.pythonhosted.org/packages/88/a1/d19dd9889cd4bce2e233c4fac007cd8daaf5b9fe6e6a5d432cf17be0b807/sounddevice-0.5.5-py3-none-win32.whl", hash = "sha256:1234cc9b4c9df97b6cbe748146ae0ec64dd7d6e44739e8e42eaa5b595313a103", size = 317765, upload-time = "2026-01-23T18:36:39.047Z" },
    { url = "https://files.pythonhosted.org/packages/c3/0e/002ed7c4c1c2ab69031f78989d3b789fee3a7fba9e586eb2b81688bf4961/sounddevice-0.5.5-py3-none-win_amd64.whl", hash = "sha256:cfc6b2c49fb7f555591c78cb8ecf48d6a637fd5b6e1db5fec6ed9365d64b3519", size = 365324, upload-time = "2026-01-23T18:36:40.496Z" },
    { url = "https://files.pythonhosted.org/packages/4e/39/a61d4b83a7746b70d23d9173be688c0c6bfc7173772344b7442c2c155497/sounddevice-0.5.5-py3-none-win_arm64.whl", hash = "sha256:3861901ddd8230d2e0e8ae62ac320cdd4c688d81df89da036dcb812f757bb3e6", size = 317115, upload-time = "2026-01-23T18:36:42.235Z" },
]

[[package]]
name = "synesthesia-machine"
version = "0.1.0"
source = { editable = "." }
dependencies = [
    { name = "av" },
    { name = "mido" },
    { name = "numpy" },
    { name = "opencv-python" },
    { name = "psutil" },
    { name = "pyside6" },
    { name = "python-rtmidi" },
    { name = "sounddevice" },
]

[package.dev-dependencies]
dev = [
    { name = "pyright" },
    { name = "pytest" },
    { name = "ruff" },
]

[package.metadata]
requires-dist = [
    { name = "av", specifier = ">=18.0,<19" },
    { name = "mido", specifier = ">=1.3.3,<2" },
    { name = "numpy", specifier = ">=2.2,<3" },
    { name = "opencv-python", specifier = ">=4.13,<4.14" },
    { name = "psutil", specifier = ">=7.2,<8" },
    { name = "pyside6", specifier = ">=6.10,<6.11" },
    { name = "python-rtmidi", specifier = ">=1.5.8,<2" },
    { name = "sounddevice", specifier = ">=0.5.5,<0.6" },
]

[package.metadata.requires-dev]
dev = [
    { name = "pyright", specifier = ">=1.1.408,<2" },
    { name = "pytest", specifier = ">=9.0,<10" },
    { name = "ruff", specifier = ">=0.14,<0.15" },
]

[[package]]
name = "typing-extensions"
version = "4.16.0"
source = { registry = "https://pypi.org/simple" }
sdist = { url = "https://files.pythonhosted.org/packages/f6/cc/6253133b5bb138fc3306cebfbda2c520f545d36b5be2c7255cc528bb45d6/typing_extensions-4.16.0.tar.gz", hash = "sha256:dc983d19a509c94dba722ee6abd33940f7c05a89e243c47e907eb4db6f1a43e5", size = 113555, upload-time = "2026-07-02T08:40:05.92Z" }
wheels = [
    { url = "https://files.pythonhosted.org/packages/49/d3/b8441a820a491ddfc024b0b0cf0393375b75ea13866d9c66727e54c2fc80/typing_extensions-4.16.0-py3-none-any.whl", hash = "sha256:481caa481374e813c1b176ada14e97f1f67a4539ce9cfeb3f350d78d6370c2e8", size = 45571, upload-time = "2026-07-02T08:40:04.659Z" },
]
